// !$*UTF8*$!
{
	archiveVersion = 1;
	classes = {
	};
	objectVersion = 46;
	objects = {

/* Begin PBXBuildFile section */
		8A37CC4F1BF0EEE500D2B77D /* main.m in Sources */ = {isa = PBXBuildFile; fileRef = 8A37CC4E1BF0EEE500D2B77D /* main.m */; };
		8A37CC521BF0EEE500D2B77D /* AppDelegate.m in Sources */ = {isa = PBXBuildFile; fileRef = 8A37CC511BF0EEE500D2B77D /* AppDelegate.m */; };
		8A37CC551BF0EEE500D2B77D /* ViewController.m in Sources */ = {isa = PBXBuildFile; fileRef = 8A37CC541BF0EEE500D2B77D /* ViewController.m */; };
		8A37CC581BF0EEE500D2B77D /* Main.storyboard in Resources */ = {isa = PBXBuildFile; fileRef = 8A37CC561BF0EEE500D2B77D /* Main.storyboard */; };
		8A37CC5A1BF0EEE500D2B77D /* Assets.xcassets in Resources */ = {isa = PBXBuildFile; fileRef = 8A37CC591BF0EEE500D2B77D /* Assets.xcassets */; };
		8A37CC5D1BF0EEE600D2B77D /* LaunchScreen.storyboard in Resources */ = {isa = PBXBuildFile; fileRef = 8A37CC5B1BF0EEE600D2B77D /* LaunchScreen.storyboard */; };
		8A37CC661BF0EF1A00D2B77D /* Exercise1.m in Sources */ = {isa = PBXBuildFile; fileRef = 8A37CC651BF0EF1A00D2B77D /* Exercise1.m */; };
/* End PBXBuildFile section */

/* Begin PBXFileReference section */
		8A37CC4A1BF0EEE500D2B77D /* rendez.app */ = {isa = PBXFileReference; explicitFileType = wrapper.application; includeInIndex = 0; path = rendez.app; sourceTree = BUILT_PRODUCTS_DIR; };
		8A37CC4E1BF0EEE500D2B77D /* main.m */ = {isa = PBXFileReference; lastKnownFileType = sourcecode.c.objc; path = main.m; sourceTree = "<group>"; };
		8A37CC501BF0EEE500D2B77D /* AppDelegate.h */ = {isa = PBXFileReference; lastKnownFileType = sourcecode.c.h; path = AppDelegate.h; sourceTree = "<group>"; };
		8A37CC511BF0EEE500D2B77D /* AppDelegate.m */ = {isa = PBXFileReference; lastKnownFileType = sourcecode.c.objc; path = AppDelegate.m; sourceTree = "<group>"; };
		8A37CC531BF0EEE500D2B77D /* ViewController.h */ = {isa = PBXFileReference; lastKnownFileType = sourcecode.c.h; path = ViewController.h; sourceTree = "<group>"; };
		8A37CC541BF0EEE500D2B77D /* ViewController.m */ = {isa = PBXFileReference; lastKnownFileType = sourcecode.c.objc; path = ViewController.m; sourceTree = "<group>"; };
		8A37CC571BF0EEE500D2B77D /* Base */ = {isa = PBXFileReference; lastKnownFileType = file.storyboard; name = Base; path = Base.lproj/Main.storyboard; sourceTree = "<group>"; };
		8A37CC591BF0EEE500D2B77D /* Assets.xcassets */ = {isa = PBXFileReference; lastKnownFileType = folder.assetcatalog; path = Assets.xcassets; sourceTree = "<group>"; };
		8A37CC5C1BF0EEE600D2B77D /* Base */ = {isa = PBXFileReference; lastKnownFileType = file.storyboard; name = Base; path = Base.lproj/LaunchScreen.storyboard; sourceTree = "<group>"; };
		8A37CC5E1BF0EEE600D2B77D /* Info.plist */ = {isa = PBXFileReference; lastKnownFileType = text.plist.xml; path = Info.plist; sourceTree = "<group>"; };
		8A37CC641BF0EF1A00D2B77D /* Exercise1.h */ = {isa = PBXFileReference; fileEncoding = 4; lastKnownFileType = sourcecode.c.h; path = Exercise1.h; sourceTree = "<group>"; };
		8A37CC651BF0EF1A00D2B77D /* Exercise1.m */ = {isa = PBXFileReference; fileEncoding = 4; lastKnownFileType = sourcecode.c.objc; path = Exercise1.m; sourceTree = "<group>"; };
/* End PBXFileReference section */

/* Begin PBXFrameworksBuildPhase section */
		8A37CC471BF0EEE500D2B77D /* Frameworks */ = {
			isa = PBXFrameworksBuildPhase;
			buildActionMask = 2147483647;
			files = (
			);
			runOnlyForDeploymentPostprocessing = 0;
		};
/* End PBXFrameworksBuildPhase section */

/* Begin PBXGroup section */
		8A37CC411BF0EEE500D2B77D = {
			isa = PBXGroup;
			children = (
				8A37CC4C1BF0EEE500D2B77D /* rendez */,
				8A37CC4B1BF0EEE500D2B77D /* Products */,
			);
			sourceTree = "<group>";
		};
		8A37CC4B1BF0EEE500D2B77D /* Products */ = {
			isa = PBXGroup;
			children = (
				8A37CC4A1BF0EEE500D2B77D /* rendez.app */,
			);
			name = Products;
			sourceTree = "<group>";
		};
		8A37CC4C1BF0EEE500D2B77D /* rendez */ = {
			isa = PBXGroup;
			children = (
				8A37CC501BF0EEE500D2B77D /* AppDelegate.h */,
				8A37CC511BF0EEE500D2B77D /* AppDelegate.m */,
				8A37CC531BF0EEE500D2B77D /* ViewController.h */,
				8A37CC541BF0EEE500D2B77D /* ViewController.m */,
				8A37CC561BF0EEE500D2B77D /* Main.storyboard */,
				8A37CC591BF0EEE500D2B77D /* Assets.xcassets */,
				8A37CC5B1BF0EEE600D2B77D /* LaunchScreen.storyboard */,
				8A37CC5E1BF0EEE600D2B77D /* Info.plist */,
				8A37CC4D1BF0EEE500D2B77D /* Supporting Files */,
				8A37CC641BF0EF1A00D2B77D /* Exercise1.h */,
				8A37CC651BF0EF1A00D2B77D /* Exercise1.m */,
			);
			path = rendez;
			sourceTree = "<group>";
		};
		8A37CC4D1BF0EEE500D2B77D /* Supporting Files */ = {
			isa = PBXGroup;
			children = (
				8A37CC4E1BF0EEE500D2B77D /* main.m */,
			);
			name = "Supporting Files";
			sourceTree = "<group>";
		};
/* End PBXGroup section */

/* Begin PBXNativeTarget section */
		8A37CC491BF0EEE500D2B77D /* rendez */ = {
			isa = PBXNativeTarget;
			buildConfigurationList = 8A37CC611BF0EEE600D2B77D /* Build configuration list for PBXNativeTarget "rendez" */;
			buildPhases = (
				8A37CC461BF0EEE500D2B77D /* Sources */,
				8A37CC471BF0EEE500D2B77D /* Frameworks */,
				8A37CC481BF0EEE500D2B77D /* Resources */,
			);
			buildRules = (
			);
			dependencies = (
			);
			name = rendez;
			productName = rendez;
			productReference = 8A37CC4A1BF0EEE500D2B77D /* rendez.app */;
			productType = "com.apple.product-type.application";
		};
/* End PBXNativeTarget section */

/* Begin PBXProject section */
		8A37CC421BF0EEE500D2B77D /* Project object */ = {
			isa = PBXProject;
			attributes = {
				LastUpgradeCheck = 0710;
				ORGANIZATIONNAME = rentit;
				TargetAttributes = {
					8A37CC491BF0EEE500D2B77D = {
						CreatedOnToolsVersion = 7.1;
					};
				};
			};
			buildConfigurationList = 8A37CC451BF0EEE500D2B77D /* Build configuration list for PBXProject "rendez" */;
			compatibilityVersion = "Xcode 3.2";
			developmentRegion = English;
			hasScannedForEncodings = 0;
			knownRegions = (
				en,
				Base,
			);
			mainGroup = 8A37CC411BF0EEE500D2B77D;
			productRefGroup = 8A37CC4B1BF0EEE500D2B77D /* Products */;
			projectDirPath = "";
			projectRoot = "";
			targets = (
				8A37CC491BF0EEE500D2B77D /* rendez */,
			);
		};
/* End PBXProject section */

/* Begin PBXResourcesBuildPhase section */
		8A37CC481BF0EEE500D2B77D /* Resources */ = {
			isa = PBXResourcesBuildPhase;
			buildActionMask = 2147483647;
			files = (
				8A37CC5D1BF0EEE600D2B77D /* LaunchScreen.storyboard in Resources */,
				8A37CC5A1BF0EEE500D2B77D /* Assets.xcassets in Resources */,
				8A37CC581BF0EEE500D2B77D /* Main.storyboard in Resources */,
			);
			runOnlyForDeploymentPostprocessing = 0;
		};
/* End PBXResourcesBuildPhase section */

/* Begin PBXSourcesBuildPhase section */
		8A37CC461BF0EEE500D2B77D /* Sources */ = {
			isa = PBXSourcesBuildPhase;
			buildActionMask = 2147483647;
			files = (
				8A37CC551BF0EEE500D2B77D /* ViewController.m in Sources */,
				8A37CC521BF0EEE500D2B77D /* AppDelegate.m in Sources */,
				8A37CC4F1BF0EEE500D2B77D /* main.m in Sources */,
				8A37CC661BF0EF1A00D2B77D /* Exercise1.m in Sources */,
			);
			runOnlyForDeploymentPostprocessing = 0;
		};
/* End PBXSourcesBuildPhase section */

/* Begin PBXVariantGroup section */
		8A37CC561BF0EEE500D2B77D /* Main.storyboard */ = {
			isa = PBXVariantGroup;
			children = (
				8A37CC571BF0EEE500D2B77D /* Base */,
			);
			name = Main.storyboard;
			sourceTree = "<group>";
		};
		8A37CC5B1BF0EEE600D2B77D /* LaunchScreen.storyboard */ = {
			isa = PBXVariantGroup;
			children = (
				8A37CC5C1BF0EEE600D2B77D /* Base */,
			);
			name = LaunchScreen.storyboard;
			sourceTree = "<group>";
		};
/* End PBXVariantGroup section */

/* Begin XCBuildConfiguration section */
		8A37CC5F1BF0EEE600D2B77D /* Debug */ = {
			isa = XCBuildConfiguration;
			buildSettings = {
				ALWAYS_SEARCH_USER_PATHS = NO;
				CLANG_CXX_LANGUAGE_STANDARD = "gnu++0x";
				CLANG_CXX_LIBRARY = "libc++";
				CLANG_ENABLE_MODULES = YES;
				CLANG_ENABLE_OBJC_ARC = YES;
				CLANG_WARN_BOOL_CONVERSION = YES;
				CLANG_WARN_CONSTANT_CONVERSION = YES;
				CLANG_WARN_DIRECT_OBJC_ISA_USAGE = YES_ERROR;
				CLANG_WARN_EMPTY_BODY = YES;
				CLANG_WARN_ENUM_CONVERSION = YES;
				CLANG_WARN_INT_CONVERSION = YES;
				CLANG_WARN_OBJC_ROOT_CLASS = YES_ERROR;
				CLANG_WARN_UNREACHABLE_CODE = YES;
				CLANG_WARN__DUPLICATE_METHOD_MATCH = YES;
				"CODE_SIGN_IDENTITY[sdk=iphoneos*]" = "iPhone Developer";
				COPY_PHASE_STRIP = NO;
				DEBUG_INFORMATION_FORMAT = dwarf;
				ENABLE_STRICT_OBJC_MSGSEND = YES;
				ENABLE_TESTABILITY = YES;
				GCC_C_LANGUAGE_STANDARD = gnu99;
				GCC_DYNAMIC_NO_PIC = NO;
				GCC_NO_COMMON_BLOCKS = YES;
				GCC_OPTIMIZATION_LEVEL = 0;
				GCC_PREPROCESSOR_DEFINITIONS = (
					"DEBUG=1",
					"$(inherited)",
				);
				GCC_WARN_64_TO_32_BIT_CONVERSION = YES;
				GCC_WARN_ABOUT_RETURN_TYPE = YES_ERROR;
				GCC_WARN_UNDECLARED_SELECTOR = YES;
				GCC_WARN_UNINITIALIZED_AUTOS = YES_AGGRESSIVE;
				GCC_WARN_UNUSED_FUNCTION = YES;
				GCC_WARN_UNUSED_VARIABLE = YES;
				IPHONEOS_DEPLOYMENT_TARGET = 9.1;
				MTL_ENABLE_DEBUG_INFO = YES;
				ONLY_ACTIVE_ARCH = YES;
				SDKROOT = iphoneos;
			};
			name = Debug;
		};
		8A37CC601BF0EEE600D2B77D /* Release */ = {
			isa = XCBuildConfiguration;
			buildSettings = {
				ALWAYS_SEARCH_USER_PATHS = NO;
				CLANG_CXX_LANGUAGE_STANDARD = "gnu++0x";
				CLANG_CXX_LIBRARY = "libc++";
				CLANG_ENABLE_MODULES = YES;
				CLANG_ENABLE_OBJC_ARC = YES;
				CLANG_WARN_BOOL_CONVERSION = YES;
				CLANG_WARN_CONSTANT_CONVERSION = YES;
				CLANG_WARN_DIRECT_OBJC_ISA_USAGE = YES_ERROR;
				CLANG_WARN_EMPTY_BODY = YES;
				CLANG_WARN_ENUM_CONVERSION = YES;
				CLANG_WARN_INT_CONVERSION = YES;
				CLANG_WARN_OBJC_ROOT_CLASS = YES_ERROR;
				CLANG_WARN_UNREACHABLE_CODE = YES;
				CLANG_WARN__DUPLICATE_METHOD_MATCH = YES;
				"CODE_SIGN_IDENTITY[sdk=iphoneos*]" = "iPhone Developer";
				COPY_PHASE_STRIP = NO;
				DEBUG_INFORMATION_FORMAT = "dwarf-with-dsym";
				ENABLE_NS_ASSERTIONS = NO;
				ENABLE_STRICT_OBJC_MSGSEND = YES;
				GCC_C_LANGUAGE_STANDARD = gnu99;
				GCC_NO_COMMON_BLOCKS = YES;
				GCC_WARN_64_TO_32_BIT_CONVERSION = YES;
				GCC_WARN_ABOUT_RETURN_TYPE = YES_ERROR;
				GCC_WARN_UNDECLARED_SELECTOR = YES;
				GCC_WARN_UNINITIALIZED_AUTOS = YES_AGGRESSIVE;
				GCC_WARN_UNUSED_FUNCTION = YES;
				GCC_WARN_UNUSED_VARIABLE = YES;
				IPHONEOS_DEPLOYMENT_TARGET = 9.1;
				MTL_ENABLE_DEBUG_INFO = NO;
				SDKROOT = iphoneos;
				VALIDATE_PRODUCT = YES;
			};
			name = Release;
		};
		8A37CC621BF0EEE600D2B77D /* Debug */ = {
			isa = XCBuildConfiguration;
			buildSettings = {
				ASSETCATALOG_COMPILER_APPICON_NAME = AppIcon;
				INFOPLIST_FILE = rendez/Info.plist;
				LD_RUNPATH_SEARCH_PATHS = "$(inherited) @executable_path/Frameworks";
				PRODUCT_BUNDLE_IDENTIFIER = t360.rendez;
				PRODUCT_NAME = "$(TARGET_NAME)";
			};
			name = Debug;
		};
		8A37CC631BF0EEE600D2B77D /* Release */ = {
			isa = XCBuildConfiguration;
			buildSettings = {
				ASSETCATALOG_COMPILER_APPICON_NAME = AppIcon;
				INFOPLIST_FILE = rendez/Info.plist;
				LD_RUNPATH_SEARCH_PATHS = "$(inherited) @executable_path/Frameworks";
				PRODUCT_BUNDLE_IDENTIFIER = t360.rendez;
				PRODUCT_NAME = "$(TARGET_NAME)";
			};
			name = Release;
		};
/* End XCBuildConfiguration section */

/* Begin XCConfigurationList section */
		8A37CC451BF0EEE500D2B77D /* Build configuration list for PBXProject "rendez" */ = {
			isa = XCConfigurationList;
			buildConfigurations = (
				8A37CC5F1BF0EEE600D2B77D /* Debug */,
				8A37CC601BF0EEE600D2B77D /* Release */,
			);
			defaultConfigurationIsVisible = 0;
			defaultConfigurationName = Release;
		};
		8A37CC611BF0EEE600D2B77D /* Build configuration list for PBXNativeTarget "rendez" */ = {
			isa = XCConfigurationList;
			buildConfigurations = (
				8A37CC621BF0EEE600D2B77D /* Debug */,
				8A37CC631BF0EEE600D2B77D /* Release */,
			);
			defaultConfigurationIsVisible = 0;
		};
/* End XCConfigurationList section */
	};
	rootObject = 8A37CC421BF0EEE500D2B77D /* Project object */;
}
